<?xml version="1.0" encoding="utf-8"?>
<Project ToolsVersion="4.0" xmlns="http://schemas.microsoft.com/developer/msbuild/2003">
  <ItemGroup>
    <Filter Include="Source Files">
      <UniqueIdentifier>{4FC737F1-C7A5-4376-A066-2A32D752A2FF}</UniqueIdentifier>
      <Extensions>cpp;c;cc;cxx;def;odl;idl;hpj;bat;asm;asmx</Extensions>
    </Filter>
    <Filter Include="Header Files">
      <UniqueIdentifier>{93995380-89BD-4b04-88EB-625FBE52EBFB}</UniqueIdentifier>
      <Extensions>h;hh;hpp;hxx;hm;inl;inc;xsd</Extensions>
    </Filter>
    <Filter Include="Header Files\ui">
      <UniqueIdentifier>{232f74b6-f050-4eb7-87ab-bf0e3a39b0e0}</UniqueIdentifier>
    </Filter>
    <Filter Include="Source Files\ui">
      <UniqueIdentifier>{cd448cbf-8a76-43f6-918e-cae30e8de542}</UniqueIdentifier>
    </Filter>
    <Filter Include="Source Files\menu">
      <UniqueIdentifier>{63ea20af-78f5-409f-8c4b-94651c28f252}</UniqueIdentifier>
    </Filter>
    <Filter Include="Header Files\menu">
      <UniqueIdentifier>{ea87c09b-50c2-4d99-ade3-5d41b2482627}</UniqueIdentifier>
    </Filter>
  </ItemGroup>
  <ItemGroup>
    <ClInclude Include="..\..\..\cgame\cg_api.h">
      <Filter>Header Files</Filter>
    </ClInclude>
    <ClInclude Include="..\..\..\cgame\cg_effects.h">
      <Filter>Header Files</Filter>
    </ClInclude>
    <ClInclude Include="..\..\..\cgame\cg_entities.h">
      <Filter>Header Files</Filter>
    </ClInclude>
    <ClInclude Include="..\..\..\cgame\cg_keys.h">
      <Filter>Header Files</Filter>
    </ClInclude>
    <ClInclude Include="..\..\..\cgame\cg_local.h">
      <Filter>Header Files</Filter>
    </ClInclude>
    <ClInclude Include="..\..\..\cgame\cg_media.h">
      <Filter>Header Files</Filter>
    </ClInclude>
    <ClInclude Include="..\..\..\cgame\cg_shared.h">
      <Filter>Header Files</Filter>
    </ClInclude>
    <ClInclude Include="..\..\..\cgame\colorpal.h">
      <Filter>Header Files</Filter>
    </ClInclude>
    <ClInclude Include="..\..\..\cgame\ui\ui_local.h">
      <Filter>Header Files\ui</Filter>
    </ClInclude>
    <ClInclude Include="..\..\..\cgame\menu\m_local.h">
      <Filter>Header Files\menu</Filter>
    </ClInclude>
    <ClInclude Include="..\..\..\cgame\menu\menu.h">
      <Filter>Header Files\menu</Filter>
    </ClInclude>
  </ItemGroup>
  <ItemGroup>
    <ClCompile Include="..\..\..\cgame\cg_api.c">
      <Filter>Source Files</Filter>
    </ClCompile>
    <ClCompile Include="..\..\..\cgame\cg_decals.c">
      <Filter>Source Files</Filter>
    </ClCompile>
    <ClCompile Include="..\..\..\cgame\cg_draw.c">
      <Filter>Source Files</Filter>
    </ClCompile>
    <ClCompile Include="..\..\..\cgame\cg_entities.c">
      <Filter>Source Files</Filter>
    </ClCompile>
    <ClCompile Include="..\..\..\cgame\cg_hud.c">
      <Filter>Source Files</Filter>
    </ClCompile>
    <ClCompile Include="..\..\..\cgame\cg_inventory.c">
      <Filter>Source Files</Filter>
    </ClCompile>
    <ClCompile Include="..\..\..\cgame\cg_keys.c">
      <Filter>Source Files</Filter>
    </ClCompile>
    <ClCompile Include="..\..\..\cgame\cg_light.c">
      <Filter>Source Files</Filter>
    </ClCompile>
    <ClCompile Include="..\..\..\cgame\cg_loadscreen.c">
      <Filter>Source Files</Filter>
    </ClCompile>
    <ClCompile Include="..\..\..\cgame\cg_localents.c">
      <Filter>Source Files</Filter>
    </ClCompile>
    <ClCompile Include="..\..\..\cgame\cg_location.c">
      <Filter>Source Files</Filter>
    </ClCompile>
    <ClCompile Include="..\..\..\cgame\cg_main.c">
      <Filter>Source Files</Filter>
    </ClCompile>
    <ClCompile Include="..\..\..\cgame\cg_mapeffects.c">
      <Filter>Source Files</Filter>
    </ClCompile>
    <ClCompile Include="..\..\..\cgame\cg_media.c">
      <Filter>Source Files</Filter>
    </ClCompile>
    <ClCompile Include="..\..\..\cgame\cg_muzzleflash.c">
      <Filter>Source Files</Filter>
    </ClCompile>
    <ClCompile Include="..\..\..\cgame\cg_parse.c">
      <Filter>Source Files</Filter>
    </ClCompile>
    <ClCompile Include="..\..\..\cgame\cg_parteffects.c">
      <Filter>Source Files</Filter>
    </ClCompile>
    <ClCompile Include="..\..\..\cgame\cg_partgloom.c">
      <Filter>Source Files</Filter>
    </ClCompile>
    <ClCompile Include="..\..\..\cgame\cg_particles.c">
      <Filter>Source Files</Filter>
    </ClCompile>
    <ClCompile Include="..\..\..\cgame\cg_partsustain.c">
      <Filter>Source Files</Filter>
    </ClCompile>
    <ClCompile Include="..\..\..\cgame\cg_partthink.c">
      <Filter>Source Files</Filter>
    </ClCompile>
    <ClCompile Include="..\..\..\cgame\cg_parttrail.c">
      <Filter>Source Files</Filter>
    </ClCompile>
    <ClCompile Include="..\..\..\cgame\cg_players.c">
      <Filter>Source Files</Filter>
    </ClCompile>
    <ClCompile Include="..\..\..\cgame\cg_predict.c">
      <Filter>Source Files</Filter>
    </ClCompile>
    <ClCompile Include="..\..\..\cgame\cg_screen.c">
      <Filter>Source Files</Filter>
    </ClCompile>
    <ClCompile Include="..\..\..\cgame\cg_tempents.c">
      <Filter>Source Files</Filter>
    </ClCompile>
    <ClCompile Include="..\..\..\cgame\cg_view.c">
      <Filter>Source Files</Filter>
    </ClCompile>
    <ClCompile Include="..\..\..\cgame\cg_weapon.c">
      <Filter>Source Files</Filter>
    </ClCompile>
    <ClCompile Include="..\..\..\cgame\pmove.c">
      <Filter>Source Files</Filter>
    </ClCompile>
    <ClCompile Include="..\..\..\cgame\ui\ui_backend.c">
      <Filter>Source Files\ui</Filter>
    </ClCompile>
    <ClCompile Include="..\..\..\cgame\ui\ui_cursor.c">
      <Filter>Source Files\ui</Filter>
    </ClCompile>
    <ClCompile Include="..\..\..\cgame\ui\ui_draw.c">
      <Filter>Source Files\ui</Filter>
    </ClCompile>
    <ClCompile Include="..\..\..\cgame\ui\ui_items.c">
      <Filter>Source Files\ui</Filter>
    </ClCompile>
    <ClCompile Include="..\..\..\cgame\ui\ui_keys.c">
      <Filter>Source Files\ui</Filter>
    </ClCompile>
    <ClCompile Include="..\..\..\cgame\menu\m_main.c">
      <Filter>Source Files\menu</Filter>
    </ClCompile>
    <ClCompile Include="..\..\..\cgame\menu\m_mp.c">
      <Filter>Source Files\menu</Filter>
    </ClCompile>
    <ClCompile Include="..\..\..\cgame\menu\m_mp_downloading.c">
      <Filter>Source Files\menu</Filter>
    </ClCompile>
    <ClCompile Include="..\..\..\cgame\menu\m_mp_join.c">
      <Filter>Source Files\menu</Filter>
    </ClCompile>
    <ClCompile Include="..\..\..\cgame\menu\m_mp_join_addrbook.c">
      <Filter>Source Files\menu</Filter>
    </ClCompile>
    <ClCompile Include="..\..\..\cgame\menu\m_mp_player.c">
      <Filter>Source Files\menu</Filter>
    </ClCompile>
    <ClCompile Include="..\..\..\cgame\menu\m_mp_start.c">
      <Filter>Source Files\menu</Filter>
    </ClCompile>
    <ClCompile Include="..\..\..\cgame\menu\m_mp_start_dmflags.c">
      <Filter>Source Files\menu</Filter>
    </ClCompile>
    <ClCompile Include="..\..\..\cgame\menu\m_opts.c">
      <Filter>Source Files\menu</Filter>
    </ClCompile>
    <ClCompile Include="..\..\..\cgame\menu\m_opts_controls.c">
      <Filter>Source Files\menu</Filter>
    </ClCompile>
    <ClCompile Include="..\..\..\cgame\menu\m_opts_effects.c">
      <Filter>Source Files\menu</Filter>
    </ClCompile>
    <ClCompile Include="..\..\..\cgame\menu\m_opts_gloom.c">
      <Filter>Source Files\menu</Filter>
    </ClCompile>
    <ClCompile Include="..\..\..\cgame\menu\m_opts_hud.c">
      <Filter>Source Files\menu</Filter>
    </ClCompile>
    <ClCompile Include="..\..\..\cgame\menu\m_opts_input.c">
      <Filter>Source Files\menu</Filter>
    </ClCompile>
    <ClCompile Include="..\..\..\cgame\menu\m_opts_misc.c">
      <Filter>Source Files\menu</Filter>
    </ClCompile>
    <ClCompile Include="..\..\..\cgame\menu\m_opts_screen.c">
      <Filter>Source Files\menu</Filter>
    </ClCompile>
    <ClCompile Include="..\..\..\cgame\menu\m_opts_sound.c">
      <Filter>Source Files\menu</Filter>
    </ClCompile>
    <ClCompile Include="..\..\..\cgame\menu\m_quit.c">
      <Filter>Source Files\menu</Filter>
    </ClCompile>
    <ClCompile Include="..\..\..\cgame\menu\m_sp.c">
      <Filter>Source Files\menu</Filter>
    </ClCompile>
    <ClCompile Include="..\..\..\cgame\menu\m_sp_credits.c">
      <Filter>Source Files\menu</Filter>
    </ClCompile>
    <ClCompile Include="..\..\..\cgame\menu\m_sp_loadgame.c">
      <Filter>Source Files\menu</Filter>
    </ClCompile>
    <ClCompile Include="..\..\..\cgame\menu\m_sp_savegame.c">
      <Filter>Source Files\menu</Filter>
    </ClCompile>
    <ClCompile Include="..\..\..\cgame\menu\m_vid.c">
      <Filter>Source Files\menu</Filter>
    </ClCompile>
    <ClCompile Include="..\..\..\cgame\menu\m_vid_exts.c">
      <Filter>Source Files\menu</Filter>
    </ClCompile>
    <ClCompile Include="..\..\..\cgame\menu\m_vid_settings.c">
      <Filter>Source Files\menu</Filter>
    </ClCompile>
    <ClCompile Include="..\..\..\cgame\menu\menu.c">
      <Filter>Source Files\menu</Filter>
    </ClCompile>
  </ItemGroup>
  <ItemGroup>
    <None Include="..\..\..\cgame\exports.def">
      <Filter>Source Files</Filter>
    </None>
  </ItemGroup>
</Project>